
Microsoft Visual Studio Solution File, Format Version 12.00
# Visual Studio 15
VisualStudioVersion = 15.0.28010.2016
MinimumVisualStudioVersion = 10.0.40219.1
Project("{8BC9CEB8-8B4A-11D0-8D11-00A0C91BC942}") = "miniwig", "miniwig\miniwig.vcxproj", "{EC11772C-C222-4793-98DE-A5FE551CB6C2}"
EndProject
Global
	GlobalSection(SolutionConfigurationPlatforms) = preSolution
		Debug|x64 = Debug|x64
		Debug|x86 = Debug|x86
		Release|x64 = Release|x64
		Release|x86 = Release|x86
	EndGlobalSection
	GlobalSection(ProjectConfigurationPlatforms) = postSolution
		{EC11772C-C222-4793-98DE-A5FE551CB6C2}.Debug|x64.ActiveCfg = Debug|x64
		{EC11772C-C222-4793-98DE-A5FE551CB6C2}.Debug|x64.Build.0 = Debug|x64
		{EC11772C-C222-4793-98DE-A5FE551CB6C2}.Debug|x86.ActiveCfg = Debug|Win32
		{EC11772C-C222-4793-98DE-A5FE551CB6C2}.Debug|x86.Build.0 = Debug|Win32
		{EC11772C-C222-4793-98DE-A5FE551CB6C2}.Release|x64.ActiveCfg = Release|x64
		{EC11772C-C222-4793-98DE-A5FE551CB6C2}.Release|x64.Build.0 = Release|x64
		{EC11772C-C222-4793-98DE-A5FE551CB6C2}.Release|x86.ActiveCfg = Release|Win32
		{EC11772C-C222-4793-98DE-A5FE551CB6C2}.Release|x86.Build.0 = Release|Win32
	EndGlobalSection
	GlobalSection(SolutionProperties) = preSolution
		HideSolutionNode = FALSE
	EndGlobalSection
	GlobalSection(ExtensibilityGlobals) = postSolution
		SolutionGuid = {2EEB10EC-4A50-428E-A69D-0121F7FBB0D2}
	EndGlobalSection
EndGlobal
